
Microsoft Visual Studio Solution File, Format Version 12.00
# Visual Studio Version 17
VisualStudioVersion = 17.2.32505.173
MinimumVisualStudioVersion = 10.0.40219.1
Project("{FAE04EC0-301F-11D3-BF4B-00C04F79EFBC}") = "GetBrickHistory", "GetBrickHistory.csproj", "{311DE60D-6576-4587-A43C-6655F3C5E9D7}"
EndProject
Global
	GlobalSection(SolutionConfigurationPlatforms) = preSolution
		Debug|Any CPU = Debug|Any CPU
		Release|Any CPU = Release|Any CPU
	EndGlobalSection
	GlobalSection(ProjectConfigurationPlatforms) = postSolution
		{311DE60D-6576-4587-A43C-6655F3C5E9D7}.Debug|Any CPU.ActiveCfg = Debug|Any CPU
		{311DE60D-6576-4587-A43C-6655F3C5E9D7}.Debug|Any CPU.Build.0 = Debug|Any CPU
		{311DE60D-6576-4587-A43C-6655F3C5E9D7}.Release|Any CPU.ActiveCfg = Release|Any CPU
		{311DE60D-6576-4587-A43C-6655F3C5E9D7}.Release|Any CPU.Build.0 = Release|Any CPU
	EndGlobalSection
	GlobalSection(SolutionProperties) = preSolution
		HideSolutionNode = FALSE
	EndGlobalSection
	GlobalSection(ExtensibilityGlobals) = postSolution
		SolutionGuid = {5865557C-C87E-4355-81D2-CA457CD109AB}
	EndGlobalSection
EndGlobal
